// !$*UTF8*$!
{
	archiveVersion = 1;
	classes = {
	};
	objectVersion = 56;
	objects = {

/* Begin PBXBuildFile section */
		82E4E1772AC6031D001ABAD2 /* fifteenTestApp.swift in Sources */ = {isa = PBXBuildFile; fileRef = 82E4E1762AC6031D001ABAD2 /* fifteenTestApp.swift */; };
		82E4E1792AC6031D001ABAD2 /* ContentView.swift in Sources */ = {isa = PBXBuildFile; fileRef = 82E4E1782AC6031D001ABAD2 /* ContentView.swift */; };
		82E4E17B2AC6031E001ABAD2 /* Assets.xcassets in Resources */ = {isa = PBXBuildFile; fileRef = 82E4E17A2AC6031E001ABAD2 /* Assets.xcassets */; };
		82E4E17E2AC6031E001ABAD2 /* Preview Assets.xcassets in Resources */ = {isa = PBXBuildFile; fileRef = 82E4E17D2AC6031E001ABAD2 /* Preview Assets.xcassets */; };
		82E4E1882AC6031E001ABAD2 /* fifteenTestTests.swift in Sources */ = {isa = PBXBuildFile; fileRef = 82E4E1872AC6031E001ABAD2 /* fifteenTestTests.swift */; };
		82E4E1922AC6031E001ABAD2 /* fifteenTestUITests.swift in Sources */ = {isa = PBXBuildFile; fileRef = 82E4E1912AC6031E001ABAD2 /* fifteenTestUITests.swift */; };
		82E4E1942AC6031E001ABAD2 /* fifteenTestUITestsLaunchTests.swift in Sources */ = {isa = PBXBuildFile; fileRef = 82E4E1932AC6031E001ABAD2 /* fifteenTestUITestsLaunchTests.swift */; };
/* End PBXBuildFile section */

/* Begin PBXContainerItemProxy section */
		82E4E1842AC6031E001ABAD2 /* PBXContainerItemProxy */ = {
			isa = PBXContainerItemProxy;
			containerPortal = 82E4E16B2AC6031D001ABAD2 /* Project object */;
			proxyType = 1;
			remoteGlobalIDString = 82E4E1722AC6031D001ABAD2;
			remoteInfo = fifteenTest;
		};
		82E4E18E2AC6031E001ABAD2 /* PBXContainerItemProxy */ = {
			isa = PBXContainerItemProxy;
			containerPortal = 82E4E16B2AC6031D001ABAD2 /* Project object */;
			proxyType = 1;
			remoteGlobalIDString = 82E4E1722AC6031D001ABAD2;
			remoteInfo = fifteenTest;
		};
/* End PBXContainerItemProxy section */

/* Begin PBXFileReference section */
		82E4E1732AC6031D001ABAD2 /* fifteenTest.app */ = {isa = PBXFileReference; explicitFileType = wrapper.application; includeInIndex = 0; path = fifteenTest.app; sourceTree = BUILT_PRODUCTS_DIR; };
		82E4E1762AC6031D001ABAD2 /* fifteenTestApp.swift */ = {isa = PBXFileReference; lastKnownFileType = sourcecode.swift; path = fifteenTestApp.swift; sourceTree = "<group>"; };
		82E4E1782AC6031D001ABAD2 /* ContentView.swift */ = {isa = PBXFileReference; lastKnownFileType = sourcecode.swift; path = ContentView.swift; sourceTree = "<group>"; };
		82E4E17A2AC6031E001ABAD2 /* Assets.xcassets */ = {isa = PBXFileReference; lastKnownFileType = folder.assetcatalog; path = Assets.xcassets; sourceTree = "<group>"; };
		82E4E17D2AC6031E001ABAD2 /* Preview Assets.xcassets */ = {isa = PBXFileReference; lastKnownFileType = folder.assetcatalog; path = "Preview Assets.xcassets"; sourceTree = "<group>"; };
		82E4E1832AC6031E001ABAD2 /* fifteenTestTests.xctest */ = {isa = PBXFileReference; explicitFileType = wrapper.cfbundle; includeInIndex = 0; path = fifteenTestTests.xctest; sourceTree = BUILT_PRODUCTS_DIR; };
		82E4E1872AC6031E001ABAD2 /* fifteenTestTests.swift */ = {isa = PBXFileReference; lastKnownFileType = sourcecode.swift; path = fifteenTestTests.swift; sourceTree = "<group>"; };
		82E4E18D2AC6031E001ABAD2 /* fifteenTestUITests.xctest */ = {isa = PBXFileReference; explicitFileType = wrapper.cfbundle; includeInIndex = 0; path = fifteenTestUITests.xctest; sourceTree = BUILT_PRODUCTS_DIR; };
		82E4E1912AC6031E001ABAD2 /* fifteenTestUITests.swift */ = {isa = PBXFileReference; lastKnownFileType = sourcecode.swift; path = fifteenTestUITests.swift; sourceTree = "<group>"; };
		82E4E1932AC6031E001ABAD2 /* fifteenTestUITestsLaunchTests.swift */ = {isa = PBXFileReference; lastKnownFileType = sourcecode.swift; path = fifteenTestUITestsLaunchTests.swift; sourceTree = "<group>"; };
/* End PBXFileReference section */

/* Begin PBXFrameworksBuildPhase section */
		82E4E1702AC6031D001ABAD2 /* Frameworks */ = {
			isa = PBXFrameworksBuildPhase;
			buildActionMask = 2147483647;
			files = (
			);
			runOnlyForDeploymentPostprocessing = 0;
		};
		82E4E1802AC6031E001ABAD2 /* Frameworks */ = {
			isa = PBXFrameworksBuildPhase;
			buildActionMask = 2147483647;
			files = (
			);
			runOnlyForDeploymentPostprocessing = 0;
		};
		82E4E18A2AC6031E001ABAD2 /* Frameworks */ = {
			isa = PBXFrameworksBuildPhase;
			buildActionMask = 2147483647;
			files = (
			);
			runOnlyForDeploymentPostprocessing = 0;
		};
/* End PBXFrameworksBuildPhase section */

/* Begin PBXGroup section */
		82E4E16A2AC6031D001ABAD2 = {
			isa = PBXGroup;
			children = (
				82E4E1752AC6031D001ABAD2 /* fifteenTest */,
				82E4E1862AC6031E001ABAD2 /* fifteenTestTests */,
				82E4E1902AC6031E001ABAD2 /* fifteenTestUITests */,
				82E4E1742AC6031D001ABAD2 /* Products */,
			);
			sourceTree = "<group>";
		};
		82E4E1742AC6031D001ABAD2 /* Products */ = {
			isa = PBXGroup;
			children = (
				82E4E1732AC6031D001ABAD2 /* fifteenTest.app */,
				82E4E1832AC6031E001ABAD2 /* fifteenTestTests.xctest */,
				82E4E18D2AC6031E001ABAD2 /* fifteenTestUITests.xctest */,
			);
			name = Products;
			sourceTree = "<group>";
		};
		82E4E1752AC6031D001ABAD2 /* fifteenTest */ = {
			isa = PBXGroup;
			children = (
				82E4E1762AC6031D001ABAD2 /* fifteenTestApp.swift */,
				82E4E1782AC6031D001ABAD2 /* ContentView.swift */,
				82E4E17A2AC6031E001ABAD2 /* Assets.xcassets */,
				82E4E17C2AC6031E001ABAD2 /* Preview Content */,
			);
			path = fifteenTest;
			sourceTree = "<group>";
		};
		82E4E17C2AC6031E001ABAD2 /* Preview Content */ = {
			isa = PBXGroup;
			children = (
				82E4E17D2AC6031E001ABAD2 /* Preview Assets.xcassets */,
			);
			path = "Preview Content";
			sourceTree = "<group>";
		};
		82E4E1862AC6031E001ABAD2 /* fifteenTestTests */ = {
			isa = PBXGroup;
			children = (
				82E4E1872AC6031E001ABAD2 /* fifteenTestTests.swift */,
			);
			path = fifteenTestTests;
			sourceTree = "<group>";
		};
		82E4E1902AC6031E001ABAD2 /* fifteenTestUITests */ = {
			isa = PBXGroup;
			children = (
				82E4E1912AC6031E001ABAD2 /* fifteenTestUITests.swift */,
				82E4E1932AC6031E001ABAD2 /* fifteenTestUITestsLaunchTests.swift */,
			);
			path = fifteenTestUITests;
			sourceTree = "<group>";
		};
/* End PBXGroup section */

/* Begin PBXNativeTarget section */
		82E4E1722AC6031D001ABAD2 /* fifteenTest */ = {
			isa = PBXNativeTarget;
			buildConfigurationList = 82E4E1972AC6031E001ABAD2 /* Build configuration list for PBXNativeTarget "fifteenTest" */;
			buildPhases = (
				82E4E16F2AC6031D001ABAD2 /* Sources */,
				82E4E1702AC6031D001ABAD2 /* Frameworks */,
				82E4E1712AC6031D001ABAD2 /* Resources */,
			);
			buildRules = (
			);
			dependencies = (
			);
			name = fifteenTest;
			productName = fifteenTest;
			productReference = 82E4E1732AC6031D001ABAD2 /* fifteenTest.app */;
			productType = "com.apple.product-type.application";
		};
		82E4E1822AC6031E001ABAD2 /* fifteenTestTests */ = {
			isa = PBXNativeTarget;
			buildConfigurationList = 82E4E19A2AC6031E001ABAD2 /* Build configuration list for PBXNativeTarget "fifteenTestTests" */;
			buildPhases = (
				82E4E17F2AC6031E001ABAD2 /* Sources */,
				82E4E1802AC6031E001ABAD2 /* Frameworks */,
				82E4E1812AC6031E001ABAD2 /* Resources */,
			);
			buildRules = (
			);
			dependencies = (
				82E4E1852AC6031E001ABAD2 /* PBXTargetDependency */,
			);
			name = fifteenTestTests;
			productName = fifteenTestTests;
			productReference = 82E4E1832AC6031E001ABAD2 /* fifteenTestTests.xctest */;
			productType = "com.apple.product-type.bundle.unit-test";
		};
		82E4E18C2AC6031E001ABAD2 /* fifteenTestUITests */ = {
			isa = PBXNativeTarget;
			buildConfigurationList = 82E4E19D2AC6031E001ABAD2 /* Build configuration list for PBXNativeTarget "fifteenTestUITests" */;
			buildPhases = (
				82E4E1892AC6031E001ABAD2 /* Sources */,
				82E4E18A2AC6031E001ABAD2 /* Frameworks */,
				82E4E18B2AC6031E001ABAD2 /* Resources */,
			);
			buildRules = (
			);
			dependencies = (
				82E4E18F2AC6031E001ABAD2 /* PBXTargetDependency */,
			);
			name = fifteenTestUITests;
			productName = fifteenTestUITests;
			productReference = 82E4E18D2AC6031E001ABAD2 /* fifteenTestUITests.xctest */;
			productType = "com.apple.product-type.bundle.ui-testing";
		};
/* End PBXNativeTarget section */

/* Begin PBXProject section */
		82E4E16B2AC6031D001ABAD2 /* Project object */ = {
			isa = PBXProject;
			attributes = {
				BuildIndependentTargetsInParallel = 1;
				LastSwiftUpdateCheck = 1500;
				LastUpgradeCheck = 1500;
				TargetAttributes = {
					82E4E1722AC6031D001ABAD2 = {
						CreatedOnToolsVersion = 15.0;
					};
					82E4E1822AC6031E001ABAD2 = {
						CreatedOnToolsVersion = 15.0;
						TestTargetID = 82E4E1722AC6031D001ABAD2;
					};
					82E4E18C2AC6031E001ABAD2 = {
						CreatedOnToolsVersion = 15.0;
						TestTargetID = 82E4E1722AC6031D001ABAD2;
					};
				};
			};
			buildConfigurationList = 82E4E16E2AC6031D001ABAD2 /* Build configuration list for PBXProject "fifteenTest" */;
			compatibilityVersion = "Xcode 14.0";
			developmentRegion = en;
			hasScannedForEncodings = 0;
			knownRegions = (
				en,
				Base,
			);
			mainGroup = 82E4E16A2AC6031D001ABAD2;
			productRefGroup = 82E4E1742AC6031D001ABAD2 /* Products */;
			projectDirPath = "";
			projectRoot = "";
			targets = (
				82E4E1722AC6031D001ABAD2 /* fifteenTest */,
				82E4E1822AC6031E001ABAD2 /* fifteenTestTests */,
				82E4E18C2AC6031E001ABAD2 /* fifteenTestUITests */,
			);
		};
/* End PBXProject section */

/* Begin PBXResourcesBuildPhase section */
		82E4E1712AC6031D001ABAD2 /* Resources */ = {
			isa = PBXResourcesBuildPhase;
			buildActionMask = 2147483647;
			files = (
				82E4E17E2AC6031E001ABAD2 /* Preview Assets.xcassets in Resources */,
				82E4E17B2AC6031E001ABAD2 /* Assets.xcassets in Resources */,
			);
			runOnlyForDeploymentPostprocessing = 0;
		};
		82E4E1812AC6031E001ABAD2 /* Resources */ = {
			isa = PBXResourcesBuildPhase;
			buildActionMask = 2147483647;
			files = (
			);
			runOnlyForDeploymentPostprocessing = 0;
		};
		82E4E18B2AC6031E001ABAD2 /* Resources */ = {
			isa = PBXResourcesBuildPhase;
			buildActionMask = 2147483647;
			files = (
			);
			runOnlyForDeploymentPostprocessing = 0;
		};
/* End PBXResourcesBuildPhase section */

/* Begin PBXSourcesBuildPhase section */
		82E4E16F2AC6031D001ABAD2 /* Sources */ = {
			isa = PBXSourcesBuildPhase;
			buildActionMask = 2147483647;
			files = (
				82E4E1792AC6031D001ABAD2 /* ContentView.swift in Sources */,
				82E4E1772AC6031D001ABAD2 /* fifteenTestApp.swift in Sources */,
			);
			runOnlyForDeploymentPostprocessing = 0;
		};
		82E4E17F2AC6031E001ABAD2 /* Sources */ = {
			isa = PBXSourcesBuildPhase;
			buildActionMask = 2147483647;
			files = (
				82E4E1882AC6031E001ABAD2 /* fifteenTestTests.swift in Sources */,
			);
			runOnlyForDeploymentPostprocessing = 0;
		};
		82E4E1892AC6031E001ABAD2 /* Sources */ = {
			isa = PBXSourcesBuildPhase;
			buildActionMask = 2147483647;
			files = (
				82E4E1942AC6031E001ABAD2 /* fifteenTestUITestsLaunchTests.swift in Sources */,
				82E4E1922AC6031E001ABAD2 /* fifteenTestUITests.swift in Sources */,
			);
			runOnlyForDeploymentPostprocessing = 0;
		};
/* End PBXSourcesBuildPhase section */

/* Begin PBXTargetDependency section */
		82E4E1852AC6031E001ABAD2 /* PBXTargetDependency */ = {
			isa = PBXTargetDependency;
			target = 82E4E1722AC6031D001ABAD2 /* fifteenTest */;
			targetProxy = 82E4E1842AC6031E001ABAD2 /* PBXContainerItemProxy */;
		};
		82E4E18F2AC6031E001ABAD2 /* PBXTargetDependency */ = {
			isa = PBXTargetDependency;
			target = 82E4E1722AC6031D001ABAD2 /* fifteenTest */;
			targetProxy = 82E4E18E2AC6031E001ABAD2 /* PBXContainerItemProxy */;
		};
/* End PBXTargetDependency section */

/* Begin XCBuildConfiguration section */
		82E4E1952AC6031E001ABAD2 /* Debug */ = {
			isa = XCBuildConfiguration;
			buildSettings = {
				ALWAYS_SEARCH_USER_PATHS = NO;
				ASSETCATALOG_COMPILER_GENERATE_SWIFT_ASSET_SYMBOL_EXTENSIONS = YES;
				CLANG_ANALYZER_NONNULL = YES;
				CLANG_ANALYZER_NUMBER_OBJECT_CONVERSION = YES_AGGRESSIVE;
				CLANG_CXX_LANGUAGE_STANDARD = "gnu++20";
				CLANG_ENABLE_MODULES = YES;
				CLANG_ENABLE_OBJC_ARC = YES;
				CLANG_ENABLE_OBJC_WEAK = YES;
				CLANG_WARN_BLOCK_CAPTURE_AUTORELEASING = YES;
				CLANG_WARN_BOOL_CONVERSION = YES;
				CLANG_WARN_COMMA = YES;
				CLANG_WARN_CONSTANT_CONVERSION = YES;
				CLANG_WARN_DEPRECATED_OBJC_IMPLEMENTATIONS = YES;
				CLANG_WARN_DIRECT_OBJC_ISA_USAGE = YES_ERROR;
				CLANG_WARN_DOCUMENTATION_COMMENTS = YES;
				CLANG_WARN_EMPTY_BODY = YES;
				CLANG_WARN_ENUM_CONVERSION = YES;
				CLANG_WARN_INFINITE_RECURSION = YES;
				CLANG_WARN_INT_CONVERSION = YES;
				CLANG_WARN_NON_LITERAL_NULL_CONVERSION = YES;
				CLANG_WARN_OBJC_IMPLICIT_RETAIN_SELF = YES;
				CLANG_WARN_OBJC_LITERAL_CONVERSION = YES;
				CLANG_WARN_OBJC_ROOT_CLASS = YES_ERROR;
				CLANG_WARN_QUOTED_INCLUDE_IN_FRAMEWORK_HEADER = YES;
				CLANG_WARN_RANGE_LOOP_ANALYSIS = YES;
				CLANG_WARN_STRICT_PROTOTYPES = YES;
				CLANG_WARN_SUSPICIOUS_MOVE = YES;
				CLANG_WARN_UNGUARDED_AVAILABILITY = YES_AGGRESSIVE;
				CLANG_WARN_UNREACHABLE_CODE = YES;
				CLANG_WARN__DUPLICATE_METHOD_MATCH = YES;
				COPY_PHASE_STRIP = NO;
				DEBUG_INFORMATION_FORMAT = dwarf;
				ENABLE_STRICT_OBJC_MSGSEND = YES;
				ENABLE_TESTABILITY = YES;
				ENABLE_USER_SCRIPT_SANDBOXING = YES;
				GCC_C_LANGUAGE_STANDARD = gnu17;
				GCC_DYNAMIC_NO_PIC = NO;
				GCC_NO_COMMON_BLOCKS = YES;
				GCC_OPTIMIZATION_LEVEL = 0;
				GCC_PREPROCESSOR_DEFINITIONS = (
					"DEBUG=1",
					"$(inherited)",
				);
				GCC_WARN_64_TO_32_BIT_CONVERSION = YES;
				GCC_WARN_ABOUT_RETURN_TYPE = YES_ERROR;
				GCC_WARN_UNDECLARED_SELECTOR = YES;
				GCC_WARN_UNINITIALIZED_AUTOS = YES_AGGRESSIVE;
				GCC_WARN_UNUSED_FUNCTION = YES;
				GCC_WARN_UNUSED_VARIABLE = YES;
				IPHONEOS_DEPLOYMENT_TARGET = 17.0;
				LOCALIZATION_PREFERS_STRING_CATALOGS = YES;
				MTL_ENABLE_DEBUG_INFO = INCLUDE_SOURCE;
				MTL_FAST_MATH = YES;
				ONLY_ACTIVE_ARCH = YES;
				SDKROOT = iphoneos;
				SWIFT_ACTIVE_COMPILATION_CONDITIONS = "DEBUG $(inherited)";
				SWIFT_OPTIMIZATION_LEVEL = "-Onone";
			};
			name = Debug;
		};
		82E4E1962AC6031E001ABAD2 /* Release */ = {
			isa = XCBuildConfiguration;
			buildSettings = {
				ALWAYS_SEARCH_USER_PATHS = NO;
				ASSETCATALOG_COMPILER_GENERATE_SWIFT_ASSET_SYMBOL_EXTENSIONS = YES;
				CLANG_ANALYZER_NONNULL = YES;
				CLANG_ANALYZER_NUMBER_OBJECT_CONVERSION = YES_AGGRESSIVE;
				CLANG_CXX_LANGUAGE_STANDARD = "gnu++20";
				CLANG_ENABLE_MODULES = YES;
				CLANG_ENABLE_OBJC_ARC = YES;
				CLANG_ENABLE_OBJC_WEAK = YES;
				CLANG_WARN_BLOCK_CAPTURE_AUTORELEASING = YES;
				CLANG_WARN_BOOL_CONVERSION = YES;
				CLANG_WARN_COMMA = YES;
				CLANG_WARN_CONSTANT_CONVERSION = YES;
				CLANG_WARN_DEPRECATED_OBJC_IMPLEMENTATIONS = YES;
				CLANG_WARN_DIRECT_OBJC_ISA_USAGE = YES_ERROR;
				CLANG_WARN_DOCUMENTATION_COMMENTS = YES;
				CLANG_WARN_EMPTY_BODY = YES;
				CLANG_WARN_ENUM_CONVERSION = YES;
				CLANG_WARN_INFINITE_RECURSION = YES;
				CLANG_WARN_INT_CONVERSION = YES;
				CLANG_WARN_NON_LITERAL_NULL_CONVERSION = YES;
				CLANG_WARN_OBJC_IMPLICIT_RETAIN_SELF = YES;
				CLANG_WARN_OBJC_LITERAL_CONVERSION = YES;
				CLANG_WARN_OBJC_ROOT_CLASS = YES_ERROR;
				CLANG_WARN_QUOTED_INCLUDE_IN_FRAMEWORK_HEADER = YES;
				CLANG_WARN_RANGE_LOOP_ANALYSIS = YES;
				CLANG_WARN_STRICT_PROTOTYPES = YES;
				CLANG_WARN_SUSPICIOUS_MOVE = YES;
				CLANG_WARN_UNGUARDED_AVAILABILITY = YES_AGGRESSIVE;
				CLANG_WARN_UNREACHABLE_CODE = YES;
				CLANG_WARN__DUPLICATE_METHOD_MATCH = YES;
				COPY_PHASE_STRIP = NO;
				DEBUG_INFORMATION_FORMAT = "dwarf-with-dsym";
				ENABLE_NS_ASSERTIONS = NO;
				ENABLE_STRICT_OBJC_MSGSEND = YES;
				ENABLE_USER_SCRIPT_SANDBOXING = YES;
				GCC_C_LANGUAGE_STANDARD = gnu17;
				GCC_NO_COMMON_BLOCKS = YES;
				GCC_WARN_64_TO_32_BIT_CONVERSION = YES;
				GCC_WARN_ABOUT_RETURN_TYPE = YES_ERROR;
				GCC_WARN_UNDECLARED_SELECTOR = YES;
				GCC_WARN_UNINITIALIZED_AUTOS = YES_AGGRESSIVE;
				GCC_WARN_UNUSED_FUNCTION = YES;
				GCC_WARN_UNUSED_VARIABLE = YES;
				IPHONEOS_DEPLOYMENT_TARGET = 17.0;
				LOCALIZATION_PREFERS_STRING_CATALOGS = YES;
				MTL_ENABLE_DEBUG_INFO = NO;
				MTL_FAST_MATH = YES;
				SDKROOT = iphoneos;
				SWIFT_COMPILATION_MODE = wholemodule;
				VALIDATE_PRODUCT = YES;
			};
			name = Release;
		};
		82E4E1982AC6031E001ABAD2 /* Debug */ = {
			isa = XCBuildConfiguration;
			buildSettings = {
				ASSETCATALOG_COMPILER_APPICON_NAME = AppIcon;
				ASSETCATALOG_COMPILER_GLOBAL_ACCENT_COLOR_NAME = AccentColor;
				CODE_SIGN_STYLE = Automatic;
				CURRENT_PROJECT_VERSION = 1;
				DEVELOPMENT_ASSET_PATHS = "\"fifteenTest/Preview Content\"";
				DEVELOPMENT_TEAM = 2755M5GVTB;
				ENABLE_PREVIEWS = YES;
				GENERATE_INFOPLIST_FILE = YES;
				INFOPLIST_KEY_UIApplicationSceneManifest_Generation = YES;
				INFOPLIST_KEY_UIApplicationSupportsIndirectInputEvents = YES;
				INFOPLIST_KEY_UILaunchScreen_Generation = YES;
				INFOPLIST_KEY_UISupportedInterfaceOrientations_iPad = "UIInterfaceOrientationPortrait UIInterfaceOrientationPortraitUpsideDown UIInterfaceOrientationLandscapeLeft UIInterfaceOrientationLandscapeRight";
				INFOPLIST_KEY_UISupportedInterfaceOrientations_iPhone = "UIInterfaceOrientationPortrait UIInterfaceOrientationLandscapeLeft UIInterfaceOrientationLandscapeRight";
				LD_RUNPATH_SEARCH_PATHS = (
					"$(inherited)",
					"@executable_path/Frameworks",
				);
				MARKETING_VERSION = 1.0;
				PRODUCT_BUNDLE_IDENTIFIER = com.danschwartz.fifteenTest;
				PRODUCT_NAME = "$(TARGET_NAME)";
				SWIFT_EMIT_LOC_STRINGS = YES;
				SWIFT_VERSION = 5.0;
				TARGETED_DEVICE_FAMILY = "1,2";
			};
			name = Debug;
		};
		82E4E1992AC6031E001ABAD2 /* Release */ = {
			isa = XCBuildConfiguration;
			buildSettings = {
				ASSETCATALOG_COMPILER_APPICON_NAME = AppIcon;
				ASSETCATALOG_COMPILER_GLOBAL_ACCENT_COLOR_NAME = AccentColor;
				CODE_SIGN_STYLE = Automatic;
				CURRENT_PROJECT_VERSION = 1;
				DEVELOPMENT_ASSET_PATHS = "\"fifteenTest/Preview Content\"";
				DEVELOPMENT_TEAM = 2755M5GVTB;
				ENABLE_PREVIEWS = YES;
				GENERATE_INFOPLIST_FILE = YES;
				INFOPLIST_KEY_UIApplicationSceneManifest_Generation = YES;
				INFOPLIST_KEY_UIApplicationSupportsIndirectInputEvents = YES;
				INFOPLIST_KEY_UILaunchScreen_Generation = YES;
				INFOPLIST_KEY_UISupportedInterfaceOrientations_iPad = "UIInterfaceOrientationPortrait UIInterfaceOrientationPortraitUpsideDown UIInterfaceOrientationLandscapeLeft UIInterfaceOrientationLandscapeRight";
				INFOPLIST_KEY_UISupportedInterfaceOrientations_iPhone = "UIInterfaceOrientationPortrait UIInterfaceOrientationLandscapeLeft UIInterfaceOrientationLandscapeRight";
				LD_RUNPATH_SEARCH_PATHS = (
					"$(inherited)",
					"@executable_path/Frameworks",
				);
				MARKETING_VERSION = 1.0;
				PRODUCT_BUNDLE_IDENTIFIER = com.danschwartz.fifteenTest;
				PRODUCT_NAME = "$(TARGET_NAME)";
				SWIFT_EMIT_LOC_STRINGS = YES;
				SWIFT_VERSION = 5.0;
				TARGETED_DEVICE_FAMILY = "1,2";
			};
			name = Release;
		};
		82E4E19B2AC6031E001ABAD2 /* Debug */ = {
			isa = XCBuildConfiguration;
			buildSettings = {
				ALWAYS_EMBED_SWIFT_STANDARD_LIBRARIES = YES;
				BUNDLE_LOADER = "$(TEST_HOST)";
				CODE_SIGN_STYLE = Automatic;
				CURRENT_PROJECT_VERSION = 1;
				DEVELOPMENT_TEAM = 2755M5GVTB;
				GENERATE_INFOPLIST_FILE = YES;
				IPHONEOS_DEPLOYMENT_TARGET = 17.0;
				MARKETING_VERSION = 1.0;
				PRODUCT_BUNDLE_IDENTIFIER = com.danschwartz.fifteenTestTests;
				PRODUCT_NAME = "$(TARGET_NAME)";
				SWIFT_EMIT_LOC_STRINGS = NO;
				SWIFT_VERSION = 5.0;
				TARGETED_DEVICE_FAMILY = "1,2";
				TEST_HOST = "$(BUILT_PRODUCTS_DIR)/fifteenTest.app/$(BUNDLE_EXECUTABLE_FOLDER_PATH)/fifteenTest";
			};
			name = Debug;
		};
		82E4E19C2AC6031E001ABAD2 /* Release */ = {
			isa = XCBuildConfiguration;
			buildSettings = {
				ALWAYS_EMBED_SWIFT_STANDARD_LIBRARIES = YES;
				BUNDLE_LOADER = "$(TEST_HOST)";
				CODE_SIGN_STYLE = Automatic;
				CURRENT_PROJECT_VERSION = 1;
				DEVELOPMENT_TEAM = 2755M5GVTB;
				GENERATE_INFOPLIST_FILE = YES;
				IPHONEOS_DEPLOYMENT_TARGET = 17.0;
				MARKETING_VERSION = 1.0;
				PRODUCT_BUNDLE_IDENTIFIER = com.danschwartz.fifteenTestTests;
				PRODUCT_NAME = "$(TARGET_NAME)";
				SWIFT_EMIT_LOC_STRINGS = NO;
				SWIFT_VERSION = 5.0;
				TARGETED_DEVICE_FAMILY = "1,2";
				TEST_HOST = "$(BUILT_PRODUCTS_DIR)/fifteenTest.app/$(BUNDLE_EXECUTABLE_FOLDER_PATH)/fifteenTest";
			};
			name = Release;
		};
		82E4E19E2AC6031E001ABAD2 /* Debug */ = {
			isa = XCBuildConfiguration;
			buildSettings = {
				ALWAYS_EMBED_SWIFT_STANDARD_LIBRARIES = YES;
				CODE_SIGN_STYLE = Automatic;
				CURRENT_PROJECT_VERSION = 1;
				DEVELOPMENT_TEAM = 2755M5GVTB;
				GENERATE_INFOPLIST_FILE = YES;
				MARKETING_VERSION = 1.0;
				PRODUCT_BUNDLE_IDENTIFIER = com.danschwartz.fifteenTestUITests;
				PRODUCT_NAME = "$(TARGET_NAME)";
				SWIFT_EMIT_LOC_STRINGS = NO;
				SWIFT_VERSION = 5.0;
				TARGETED_DEVICE_FAMILY = "1,2";
				TEST_TARGET_NAME = fifteenTest;
			};
			name = Debug;
		};
		82E4E19F2AC6031E001ABAD2 /* Release */ = {
			isa = XCBuildConfiguration;
			buildSettings = {
				ALWAYS_EMBED_SWIFT_STANDARD_LIBRARIES = YES;
				CODE_SIGN_STYLE = Automatic;
				CURRENT_PROJECT_VERSION = 1;
				DEVELOPMENT_TEAM = 2755M5GVTB;
				GENERATE_INFOPLIST_FILE = YES;
				MARKETING_VERSION = 1.0;
				PRODUCT_BUNDLE_IDENTIFIER = com.danschwartz.fifteenTestUITests;
				PRODUCT_NAME = "$(TARGET_NAME)";
				SWIFT_EMIT_LOC_STRINGS = NO;
				SWIFT_VERSION = 5.0;
				TARGETED_DEVICE_FAMILY = "1,2";
				TEST_TARGET_NAME = fifteenTest;
			};
			name = Release;
		};
/* End XCBuildConfiguration section */

/* Begin XCConfigurationList section */
		82E4E16E2AC6031D001ABAD2 /* Build configuration list for PBXProject "fifteenTest" */ = {
			isa = XCConfigurationList;
			buildConfigurations = (
				82E4E1952AC6031E001ABAD2 /* Debug */,
				82E4E1962AC6031E001ABAD2 /* Release */,
			);
			defaultConfigurationIsVisible = 0;
			defaultConfigurationName = Release;
		};
		82E4E1972AC6031E001ABAD2 /* Build configuration list for PBXNativeTarget "fifteenTest" */ = {
			isa = XCConfigurationList;
			buildConfigurations = (
				82E4E1982AC6031E001ABAD2 /* Debug */,
				82E4E1992AC6031E001ABAD2 /* Release */,
			);
			defaultConfigurationIsVisible = 0;
			defaultConfigurationName = Release;
		};
		82E4E19A2AC6031E001ABAD2 /* Build configuration list for PBXNativeTarget "fifteenTestTests" */ = {
			isa = XCConfigurationList;
			buildConfigurations = (
				82E4E19B2AC6031E001ABAD2 /* Debug */,
				82E4E19C2AC6031E001ABAD2 /* Release */,
			);
			defaultConfigurationIsVisible = 0;
			defaultConfigurationName = Release;
		};
		82E4E19D2AC6031E001ABAD2 /* Build configuration list for PBXNativeTarget "fifteenTestUITests" */ = {
			isa = XCConfigurationList;
			buildConfigurations = (
				82E4E19E2AC6031E001ABAD2 /* Debug */,
				82E4E19F2AC6031E001ABAD2 /* Release */,
			);
			defaultConfigurationIsVisible = 0;
			defaultConfigurationName = Release;
		};
/* End XCConfigurationList section */
	};
	rootObject = 82E4E16B2AC6031D001ABAD2 /* Project object */;
}
